
Microsoft Visual Studio Solution File, Format Version 12.00
# Visual Studio Version 16
VisualStudioVersion = 16.0.32802.440
MinimumVisualStudioVersion = 10.0.40219.1
Project("{FAE04EC0-301F-11D3-BF4B-00C04F79EFBC}") = "Portfolio_Calculator", "Portfolio_Calculator\Portfolio_Calculator.csproj", "{340042BD-789B-4F8A-8AE1-AF08B9FD9546}"
EndProject
Global
	GlobalSection(SolutionConfigurationPlatforms) = preSolution
		Debug|Any CPU = Debug|Any CPU
		Release|Any CPU = Release|Any CPU
	EndGlobalSection
	GlobalSection(ProjectConfigurationPlatforms) = postSolution
		{340042BD-789B-4F8A-8AE1-AF08B9FD9546}.Debug|Any CPU.ActiveCfg = Debug|Any CPU
		{340042BD-789B-4F8A-8AE1-AF08B9FD9546}.Debug|Any CPU.Build.0 = Debug|Any CPU
		{340042BD-789B-4F8A-8AE1-AF08B9FD9546}.Release|Any CPU.ActiveCfg = Release|Any CPU
		{340042BD-789B-4F8A-8AE1-AF08B9FD9546}.Release|Any CPU.Build.0 = Release|Any CPU
	EndGlobalSection
	GlobalSection(SolutionProperties) = preSolution
		HideSolutionNode = FALSE
	EndGlobalSection
	GlobalSection(ExtensibilityGlobals) = postSolution
		SolutionGuid = {DD72BFB4-6EBA-4221-AD1A-9C69D94080A4}
	EndGlobalSection
EndGlobal
